// !$*UTF8*$!
{
	archiveVersion = 1;
	classes = {
	};
	objectVersion = 46;
	objects = {

/* Begin PBXBuildFile section */
		010DEFC01EB7AC2300B78F94 /* main.m in Sources */ = {isa = PBXBuildFile; fileRef = 010DEFBF1EB7AC2300B78F94 /* main.m */; };
		010DEFC31EB7AC2300B78F94 /* AppDelegate.m in Sources */ = {isa = PBXBuildFile; fileRef = 010DEFC21EB7AC2300B78F94 /* AppDelegate.m */; };
		010DEFC61EB7AC2300B78F94 /* HomeViewController.m in Sources */ = {isa = PBXBuildFile; fileRef = 010DEFC51EB7AC2300B78F94 /* HomeViewController.m */; };
		010DEFC91EB7AC2300B78F94 /* Main.storyboard in Resources */ = {isa = PBXBuildFile; fileRef = 010DEFC71EB7AC2300B78F94 /* Main.storyboard */; };
		010DEFCB1EB7AC2300B78F94 /* Assets.xcassets in Resources */ = {isa = PBXBuildFile; fileRef = 010DEFCA1EB7AC2300B78F94 /* Assets.xcassets */; };
		010DEFCE1EB7AC2300B78F94 /* LaunchScreen.storyboard in Resources */ = {isa = PBXBuildFile; fileRef = 010DEFCC1EB7AC2300B78F94 /* LaunchScreen.storyboard */; };
		010DEFD81EB7B2E400B78F94 /* Bolts.framework in Frameworks */ = {isa = PBXBuildFile; fileRef = 010DEFD61EB7B2E400B78F94 /* Bolts.framework */; };
		010DEFD91EB7B2E400B78F94 /* Parse.framework in Frameworks */ = {isa = PBXBuildFile; fileRef = 010DEFD71EB7B2E400B78F94 /* Parse.framework */; };
		010DEFDB1EB7B32200B78F94 /* Bolts.framework in CopyFiles */ = {isa = PBXBuildFile; fileRef = 010DEFD61EB7B2E400B78F94 /* Bolts.framework */; settings = {ATTRIBUTES = (CodeSignOnCopy, RemoveHeadersOnCopy, ); }; };
		010DEFDC1EB7B32200B78F94 /* Parse.framework in CopyFiles */ = {isa = PBXBuildFile; fileRef = 010DEFD71EB7B2E400B78F94 /* Parse.framework */; settings = {ATTRIBUTES = (CodeSignOnCopy, RemoveHeadersOnCopy, ); }; };
		010DEFDE1EB7C0C800B78F94 /* MapKit.framework in Frameworks */ = {isa = PBXBuildFile; fileRef = 010DEFDD1EB7C0C800B78F94 /* MapKit.framework */; };
		011041F81EB942BD00F241A7 /* LocationController.m in Sources */ = {isa = PBXBuildFile; fileRef = 011041F71EB942BD00F241A7 /* LocationController.m */; };
		0129F4391EB8FF00001EC43B /* AddReminderViewController.m in Sources */ = {isa = PBXBuildFile; fileRef = 0129F4381EB8FF00001EC43B /* AddReminderViewController.m */; };
		01365B431EB9AF890089154B /* LocationPresetsViewController.m in Sources */ = {isa = PBXBuildFile; fileRef = 01365B421EB9AF890089154B /* LocationPresetsViewController.m */; };
		017D763D1EBA467B006B7F48 /* Reminder.m in Sources */ = {isa = PBXBuildFile; fileRef = 017D763C1EBA467B006B7F48 /* Reminder.m */; };
		017D763F1EBA5E71006B7F48 /* ParseUI.framework in Frameworks */ = {isa = PBXBuildFile; fileRef = 017D763E1EBA5E71006B7F48 /* ParseUI.framework */; };
		01A361561EBFDF7C00D9C585 /* LocationBookmarks.m in Sources */ = {isa = PBXBuildFile; fileRef = 01A361551EBFDF7C00D9C585 /* LocationBookmarks.m */; };
/* End PBXBuildFile section */

/* Begin PBXCopyFilesBuildPhase section */
		010DEFDA1EB7B2F000B78F94 /* CopyFiles */ = {
			isa = PBXCopyFilesBuildPhase;
			buildActionMask = 2147483647;
			dstPath = "";
			dstSubfolderSpec = 10;
			files = (
				010DEFDB1EB7B32200B78F94 /* Bolts.framework in CopyFiles */,
				010DEFDC1EB7B32200B78F94 /* Parse.framework in CopyFiles */,
			);
			runOnlyForDeploymentPostprocessing = 0;
		};
/* End PBXCopyFilesBuildPhase section */

/* Begin PBXFileReference section */
		010DEFBB1EB7AC2300B78F94 /* LocationReminders.app */ = {isa = PBXFileReference; explicitFileType = wrapper.application; includeInIndex = 0; path = LocationReminders.app; sourceTree = BUILT_PRODUCTS_DIR; };
		010DEFBF1EB7AC2300B78F94 /* main.m */ = {isa = PBXFileReference; lastKnownFileType = sourcecode.c.objc; path = main.m; sourceTree = "<group>"; };
		010DEFC11EB7AC2300B78F94 /* AppDelegate.h */ = {isa = PBXFileReference; lastKnownFileType = sourcecode.c.h; path = AppDelegate.h; sourceTree = "<group>"; };
		010DEFC21EB7AC2300B78F94 /* AppDelegate.m */ = {isa = PBXFileReference; lastKnownFileType = sourcecode.c.objc; path = AppDelegate.m; sourceTree = "<group>"; };
		010DEFC41EB7AC2300B78F94 /* HomeViewController.h */ = {isa = PBXFileReference; lastKnownFileType = sourcecode.c.h; path = HomeViewController.h; sourceTree = "<group>"; };
		010DEFC51EB7AC2300B78F94 /* HomeViewController.m */ = {isa = PBXFileReference; lastKnownFileType = sourcecode.c.objc; path = HomeViewController.m; sourceTree = "<group>"; };
		010DEFC81EB7AC2300B78F94 /* Base */ = {isa = PBXFileReference; lastKnownFileType = file.storyboard; name = Base; path = Base.lproj/Main.storyboard; sourceTree = "<group>"; };
		010DEFCA1EB7AC2300B78F94 /* Assets.xcassets */ = {isa = PBXFileReference; lastKnownFileType = folder.assetcatalog; path = Assets.xcassets; sourceTree = "<group>"; };
		010DEFCD1EB7AC2300B78F94 /* Base */ = {isa = PBXFileReference; lastKnownFileType = file.storyboard; name = Base; path = Base.lproj/LaunchScreen.storyboard; sourceTree = "<group>"; };
		010DEFCF1EB7AC2300B78F94 /* Info.plist */ = {isa = PBXFileReference; lastKnownFileType = text.plist.xml; path = Info.plist; sourceTree = "<group>"; };
		010DEFD61EB7B2E400B78F94 /* Bolts.framework */ = {isa = PBXFileReference; lastKnownFileType = wrapper.framework; name = Bolts.framework; path = Carthage/Build/iOS/Bolts.framework; sourceTree = "<group>"; };
		010DEFD71EB7B2E400B78F94 /* Parse.framework */ = {isa = PBXFileReference; lastKnownFileType = wrapper.framework; name = Parse.framework; path = Carthage/Build/iOS/Parse.framework; sourceTree = "<group>"; };
		010DEFDD1EB7C0C800B78F94 /* MapKit.framework */ = {isa = PBXFileReference; lastKnownFileType = wrapper.framework; name = MapKit.framework; path = System/Library/Frameworks/MapKit.framework; sourceTree = SDKROOT; };
		011041F61EB942BD00F241A7 /* LocationController.h */ = {isa = PBXFileReference; fileEncoding = 4; lastKnownFileType = sourcecode.c.h; path = LocationController.h; sourceTree = "<group>"; };
		011041F71EB942BD00F241A7 /* LocationController.m */ = {isa = PBXFileReference; fileEncoding = 4; lastKnownFileType = sourcecode.c.objc; path = LocationController.m; sourceTree = "<group>"; };
		0129F4371EB8FF00001EC43B /* AddReminderViewController.h */ = {isa = PBXFileReference; fileEncoding = 4; lastKnownFileType = sourcecode.c.h; path = AddReminderViewController.h; sourceTree = "<group>"; };
		0129F4381EB8FF00001EC43B /* AddReminderViewController.m */ = {isa = PBXFileReference; fileEncoding = 4; lastKnownFileType = sourcecode.c.objc; path = AddReminderViewController.m; sourceTree = "<group>"; };
		01365B411EB9AF890089154B /* LocationPresetsViewController.h */ = {isa = PBXFileReference; fileEncoding = 4; lastKnownFileType = sourcecode.c.h; path = LocationPresetsViewController.h; sourceTree = "<group>"; };
		01365B421EB9AF890089154B /* LocationPresetsViewController.m */ = {isa = PBXFileReference; fileEncoding = 4; lastKnownFileType = sourcecode.c.objc; path = LocationPresetsViewController.m; sourceTree = "<group>"; };
		017D763B1EBA467B006B7F48 /* Reminder.h */ = {isa = PBXFileReference; fileEncoding = 4; lastKnownFileType = sourcecode.c.h; path = Reminder.h; sourceTree = "<group>"; };
		017D763C1EBA467B006B7F48 /* Reminder.m */ = {isa = PBXFileReference; fileEncoding = 4; lastKnownFileType = sourcecode.c.objc; path = Reminder.m; sourceTree = "<group>"; };
		017D763E1EBA5E71006B7F48 /* ParseUI.framework */ = {isa = PBXFileReference; lastKnownFileType = wrapper.framework; path = ParseUI.framework; sourceTree = "<group>"; };
		01A361541EBFDF7C00D9C585 /* LocationBookmarks.h */ = {isa = PBXFileReference; fileEncoding = 4; lastKnownFileType = sourcecode.c.h; path = LocationBookmarks.h; sourceTree = "<group>"; };
		01A361551EBFDF7C00D9C585 /* LocationBookmarks.m */ = {isa = PBXFileReference; fileEncoding = 4; lastKnownFileType = sourcecode.c.objc; path = LocationBookmarks.m; sourceTree = "<group>"; };
/* End PBXFileReference section */

/* Begin PBXFrameworksBuildPhase section */
		010DEFB81EB7AC2300B78F94 /* Frameworks */ = {
			isa = PBXFrameworksBuildPhase;
			buildActionMask = 2147483647;
			files = (
				010DEFD81EB7B2E400B78F94 /* Bolts.framework in Frameworks */,
				010DEFDE1EB7C0C800B78F94 /* MapKit.framework in Frameworks */,
				017D763F1EBA5E71006B7F48 /* ParseUI.framework in Frameworks */,
				010DEFD91EB7B2E400B78F94 /* Parse.framework in Frameworks */,
			);
			runOnlyForDeploymentPostprocessing = 0;
		};
/* End PBXFrameworksBuildPhase section */

/* Begin PBXGroup section */
		010DEFB21EB7AC2300B78F94 = {
			isa = PBXGroup;
			children = (
				010DEFBD1EB7AC2300B78F94 /* LocationReminders */,
				010DEFBC1EB7AC2300B78F94 /* Products */,
				010DEFD51EB7B2E400B78F94 /* Frameworks */,
			);
			sourceTree = "<group>";
		};
		010DEFBC1EB7AC2300B78F94 /* Products */ = {
			isa = PBXGroup;
			children = (
				010DEFBB1EB7AC2300B78F94 /* LocationReminders.app */,
			);
			name = Products;
			sourceTree = "<group>";
		};
		010DEFBD1EB7AC2300B78F94 /* LocationReminders */ = {
			isa = PBXGroup;
			children = (
				0129F43A1EB8FF11001EC43B /* Controllers */,
				0143741B1EBBABF80080A369 /* Model */,
				0129F43B1EB8FF4D001EC43B /* Views */,
				010DEFCF1EB7AC2300B78F94 /* Info.plist */,
				010DEFBE1EB7AC2300B78F94 /* Supporting Files */,
			);
			path = LocationReminders;
			sourceTree = "<group>";
		};
		010DEFBE1EB7AC2300B78F94 /* Supporting Files */ = {
			isa = PBXGroup;
			children = (
				010DEFC11EB7AC2300B78F94 /* AppDelegate.h */,
				010DEFC21EB7AC2300B78F94 /* AppDelegate.m */,
				010DEFBF1EB7AC2300B78F94 /* main.m */,
			);
			name = "Supporting Files";
			sourceTree = "<group>";
		};
		010DEFD51EB7B2E400B78F94 /* Frameworks */ = {
			isa = PBXGroup;
			children = (
				017D763E1EBA5E71006B7F48 /* ParseUI.framework */,
				010DEFDD1EB7C0C800B78F94 /* MapKit.framework */,
				010DEFD61EB7B2E400B78F94 /* Bolts.framework */,
				010DEFD71EB7B2E400B78F94 /* Parse.framework */,
			);
			name = Frameworks;
			sourceTree = "<group>";
		};
		0129F43A1EB8FF11001EC43B /* Controllers */ = {
			isa = PBXGroup;
			children = (
				010DEFC41EB7AC2300B78F94 /* HomeViewController.h */,
				010DEFC51EB7AC2300B78F94 /* HomeViewController.m */,
				017D763B1EBA467B006B7F48 /* Reminder.h */,
				017D763C1EBA467B006B7F48 /* Reminder.m */,
				0129F4371EB8FF00001EC43B /* AddReminderViewController.h */,
				0129F4381EB8FF00001EC43B /* AddReminderViewController.m */,
				01365B411EB9AF890089154B /* LocationPresetsViewController.h */,
				01365B421EB9AF890089154B /* LocationPresetsViewController.m */,
			);
			name = Controllers;
			sourceTree = "<group>";
		};
		0129F43B1EB8FF4D001EC43B /* Views */ = {
			isa = PBXGroup;
			children = (
				010DEFC71EB7AC2300B78F94 /* Main.storyboard */,
				010DEFCA1EB7AC2300B78F94 /* Assets.xcassets */,
				010DEFCC1EB7AC2300B78F94 /* LaunchScreen.storyboard */,
			);
			name = Views;
			sourceTree = "<group>";
		};
		0143741B1EBBABF80080A369 /* Model */ = {
			isa = PBXGroup;
			children = (
				011041F61EB942BD00F241A7 /* LocationController.h */,
				011041F71EB942BD00F241A7 /* LocationController.m */,
				01A361541EBFDF7C00D9C585 /* LocationBookmarks.h */,
				01A361551EBFDF7C00D9C585 /* LocationBookmarks.m */,
			);
			name = Model;
			sourceTree = "<group>";
		};
/* End PBXGroup section */

/* Begin PBXNativeTarget section */
		010DEFBA1EB7AC2300B78F94 /* LocationReminders */ = {
			isa = PBXNativeTarget;
			buildConfigurationList = 010DEFD21EB7AC2300B78F94 /* Build configuration list for PBXNativeTarget "LocationReminders" */;
			buildPhases = (
				010DEFB71EB7AC2300B78F94 /* Sources */,
				010DEFB81EB7AC2300B78F94 /* Frameworks */,
				010DEFB91EB7AC2300B78F94 /* Resources */,
				010DEFDA1EB7B2F000B78F94 /* CopyFiles */,
			);
			buildRules = (
			);
			dependencies = (
			);
			name = LocationReminders;
			productName = LocationReminders;
			productReference = 010DEFBB1EB7AC2300B78F94 /* LocationReminders.app */;
			productType = "com.apple.product-type.application";
		};
/* End PBXNativeTarget section */

/* Begin PBXProject section */
		010DEFB31EB7AC2300B78F94 /* Project object */ = {
			isa = PBXProject;
			attributes = {
				LastUpgradeCheck = 0830;
				ORGANIZATIONNAME = "Luay Younus";
				TargetAttributes = {
					010DEFBA1EB7AC2300B78F94 = {
						CreatedOnToolsVersion = 8.3.2;
						DevelopmentTeam = 6572E988F5;
						ProvisioningStyle = Automatic;
						SystemCapabilities = {
							com.apple.Maps.iOS = {
								enabled = 1;
							};
						};
					};
				};
			};
			buildConfigurationList = 010DEFB61EB7AC2300B78F94 /* Build configuration list for PBXProject "LocationReminders" */;
			compatibilityVersion = "Xcode 3.2";
			developmentRegion = English;
			hasScannedForEncodings = 0;
			knownRegions = (
				en,
				Base,
			);
			mainGroup = 010DEFB21EB7AC2300B78F94;
			productRefGroup = 010DEFBC1EB7AC2300B78F94 /* Products */;
			projectDirPath = "";
			projectRoot = "";
			targets = (
				010DEFBA1EB7AC2300B78F94 /* LocationReminders */,
			);
		};
/* End PBXProject section */

/* Begin PBXResourcesBuildPhase section */
		010DEFB91EB7AC2300B78F94 /* Resources */ = {
			isa = PBXResourcesBuildPhase;
			buildActionMask = 2147483647;
			files = (
				010DEFCE1EB7AC2300B78F94 /* LaunchScreen.storyboard in Resources */,
				010DEFCB1EB7AC2300B78F94 /* Assets.xcassets in Resources */,
				010DEFC91EB7AC2300B78F94 /* Main.storyboard in Resources */,
			);
			runOnlyForDeploymentPostprocessing = 0;
		};
/* End PBXResourcesBuildPhase section */

/* Begin PBXSourcesBuildPhase section */
		010DEFB71EB7AC2300B78F94 /* Sources */ = {
			isa = PBXSourcesBuildPhase;
			buildActionMask = 2147483647;
			files = (
				01A361561EBFDF7C00D9C585 /* LocationBookmarks.m in Sources */,
				011041F81EB942BD00F241A7 /* LocationController.m in Sources */,
				0129F4391EB8FF00001EC43B /* AddReminderViewController.m in Sources */,
				010DEFC61EB7AC2300B78F94 /* HomeViewController.m in Sources */,
				010DEFC31EB7AC2300B78F94 /* AppDelegate.m in Sources */,
				01365B431EB9AF890089154B /* LocationPresetsViewController.m in Sources */,
				010DEFC01EB7AC2300B78F94 /* main.m in Sources */,
				017D763D1EBA467B006B7F48 /* Reminder.m in Sources */,
			);
			runOnlyForDeploymentPostprocessing = 0;
		};
/* End PBXSourcesBuildPhase section */

/* Begin PBXVariantGroup section */
		010DEFC71EB7AC2300B78F94 /* Main.storyboard */ = {
			isa = PBXVariantGroup;
			children = (
				010DEFC81EB7AC2300B78F94 /* Base */,
			);
			name = Main.storyboard;
			sourceTree = "<group>";
		};
		010DEFCC1EB7AC2300B78F94 /* LaunchScreen.storyboard */ = {
			isa = PBXVariantGroup;
			children = (
				010DEFCD1EB7AC2300B78F94 /* Base */,
			);
			name = LaunchScreen.storyboard;
			sourceTree = "<group>";
		};
/* End PBXVariantGroup section */

/* Begin XCBuildConfiguration section */
		010DEFD01EB7AC2300B78F94 /* Debug */ = {
			isa = XCBuildConfiguration;
			buildSettings = {
				ALWAYS_SEARCH_USER_PATHS = NO;
				CLANG_ANALYZER_NONNULL = YES;
				CLANG_ANALYZER_NUMBER_OBJECT_CONVERSION = YES_AGGRESSIVE;
				CLANG_CXX_LANGUAGE_STANDARD = "gnu++0x";
				CLANG_CXX_LIBRARY = "libc++";
				CLANG_ENABLE_MODULES = YES;
				CLANG_ENABLE_OBJC_ARC = YES;
				CLANG_WARN_BOOL_CONVERSION = YES;
				CLANG_WARN_CONSTANT_CONVERSION = YES;
				CLANG_WARN_DIRECT_OBJC_ISA_USAGE = YES_ERROR;
				CLANG_WARN_DOCUMENTATION_COMMENTS = YES;
				CLANG_WARN_EMPTY_BODY = YES;
				CLANG_WARN_ENUM_CONVERSION = YES;
				CLANG_WARN_INFINITE_RECURSION = YES;
				CLANG_WARN_INT_CONVERSION = YES;
				CLANG_WARN_OBJC_ROOT_CLASS = YES_ERROR;
				CLANG_WARN_SUSPICIOUS_MOVE = YES;
				CLANG_WARN_UNREACHABLE_CODE = YES;
				CLANG_WARN__DUPLICATE_METHOD_MATCH = YES;
				"CODE_SIGN_IDENTITY[sdk=iphoneos*]" = "iPhone Developer";
				COPY_PHASE_STRIP = NO;
				DEBUG_INFORMATION_FORMAT = dwarf;
				ENABLE_STRICT_OBJC_MSGSEND = YES;
				ENABLE_TESTABILITY = YES;
				GCC_C_LANGUAGE_STANDARD = gnu99;
				GCC_DYNAMIC_NO_PIC = NO;
				GCC_NO_COMMON_BLOCKS = YES;
				GCC_OPTIMIZATION_LEVEL = 0;
				GCC_PREPROCESSOR_DEFINITIONS = (
					"DEBUG=1",
					"$(inherited)",
				);
				GCC_WARN_64_TO_32_BIT_CONVERSION = YES;
				GCC_WARN_ABOUT_RETURN_TYPE = YES_ERROR;
				GCC_WARN_UNDECLARED_SELECTOR = YES;
				GCC_WARN_UNINITIALIZED_AUTOS = YES_AGGRESSIVE;
				GCC_WARN_UNUSED_FUNCTION = YES;
				GCC_WARN_UNUSED_VARIABLE = YES;
				IPHONEOS_DEPLOYMENT_TARGET = 10.3;
				MTL_ENABLE_DEBUG_INFO = YES;
				ONLY_ACTIVE_ARCH = YES;
				SDKROOT = iphoneos;
				TARGETED_DEVICE_FAMILY = "1,2";
			};
			name = Debug;
		};
		010DEFD11EB7AC2300B78F94 /* Release */ = {
			isa = XCBuildConfiguration;
			buildSettings = {
				ALWAYS_SEARCH_USER_PATHS = NO;
				CLANG_ANALYZER_NONNULL = YES;
				CLANG_ANALYZER_NUMBER_OBJECT_CONVERSION = YES_AGGRESSIVE;
				CLANG_CXX_LANGUAGE_STANDARD = "gnu++0x";
				CLANG_CXX_LIBRARY = "libc++";
				CLANG_ENABLE_MODULES = YES;
				CLANG_ENABLE_OBJC_ARC = YES;
				CLANG_WARN_BOOL_CONVERSION = YES;
				CLANG_WARN_CONSTANT_CONVERSION = YES;
				CLANG_WARN_DIRECT_OBJC_ISA_USAGE = YES_ERROR;
				CLANG_WARN_DOCUMENTATION_COMMENTS = YES;
				CLANG_WARN_EMPTY_BODY = YES;
				CLANG_WARN_ENUM_CONVERSION = YES;
				CLANG_WARN_INFINITE_RECURSION = YES;
				CLANG_WARN_INT_CONVERSION = YES;
				CLANG_WARN_OBJC_ROOT_CLASS = YES_ERROR;
				CLANG_WARN_SUSPICIOUS_MOVE = YES;
				CLANG_WARN_UNREACHABLE_CODE = YES;
				CLANG_WARN__DUPLICATE_METHOD_MATCH = YES;
				"CODE_SIGN_IDENTITY[sdk=iphoneos*]" = "iPhone Developer";
				COPY_PHASE_STRIP = NO;
				DEBUG_INFORMATION_FORMAT = "dwarf-with-dsym";
				ENABLE_NS_ASSERTIONS = NO;
				ENABLE_STRICT_OBJC_MSGSEND = YES;
				GCC_C_LANGUAGE_STANDARD = gnu99;
				GCC_NO_COMMON_BLOCKS = YES;
				GCC_WARN_64_TO_32_BIT_CONVERSION = YES;
				GCC_WARN_ABOUT_RETURN_TYPE = YES_ERROR;
				GCC_WARN_UNDECLARED_SELECTOR = YES;
				GCC_WARN_UNINITIALIZED_AUTOS = YES_AGGRESSIVE;
				GCC_WARN_UNUSED_FUNCTION = YES;
				GCC_WARN_UNUSED_VARIABLE = YES;
				IPHONEOS_DEPLOYMENT_TARGET = 10.3;
				MTL_ENABLE_DEBUG_INFO = NO;
				SDKROOT = iphoneos;
				TARGETED_DEVICE_FAMILY = "1,2";
				VALIDATE_PRODUCT = YES;
			};
			name = Release;
		};
		010DEFD31EB7AC2300B78F94 /* Debug */ = {
			isa = XCBuildConfiguration;
			buildSettings = {
				ASSETCATALOG_COMPILER_APPICON_NAME = AppIcon;
				DEVELOPMENT_TEAM = 6572E988F5;
				FRAMEWORK_SEARCH_PATHS = (
					"$(inherited)",
					"$(PROJECT_DIR)/Carthage/Build/iOS",
					"$(PROJECT_DIR)",
				);
				INFOPLIST_FILE = LocationReminders/Info.plist;
				LD_RUNPATH_SEARCH_PATHS = "$(inherited) @executable_path/Frameworks";
				PRODUCT_BUNDLE_IDENTIFIER = com.luayyounus.LocationReminders;
				PRODUCT_NAME = "$(TARGET_NAME)";
			};
			name = Debug;
		};
		010DEFD41EB7AC2300B78F94 /* Release */ = {
			isa = XCBuildConfiguration;
			buildSettings = {
				ASSETCATALOG_COMPILER_APPICON_NAME = AppIcon;
				DEVELOPMENT_TEAM = 6572E988F5;
				FRAMEWORK_SEARCH_PATHS = (
					"$(inherited)",
					"$(PROJECT_DIR)/Carthage/Build/iOS",
					"$(PROJECT_DIR)",
				);
				INFOPLIST_FILE = LocationReminders/Info.plist;
				LD_RUNPATH_SEARCH_PATHS = "$(inherited) @executable_path/Frameworks";
				PRODUCT_BUNDLE_IDENTIFIER = com.luayyounus.LocationReminders;
				PRODUCT_NAME = "$(TARGET_NAME)";
			};
			name = Release;
		};
/* End XCBuildConfiguration section */

/* Begin XCConfigurationList section */
		010DEFB61EB7AC2300B78F94 /* Build configuration list for PBXProject "LocationReminders" */ = {
			isa = XCConfigurationList;
			buildConfigurations = (
				010DEFD01EB7AC2300B78F94 /* Debug */,
				010DEFD11EB7AC2300B78F94 /* Release */,
			);
			defaultConfigurationIsVisible = 0;
			defaultConfigurationName = Release;
		};
		010DEFD21EB7AC2300B78F94 /* Build configuration list for PBXNativeTarget "LocationReminders" */ = {
			isa = XCConfigurationList;
			buildConfigurations = (
				010DEFD31EB7AC2300B78F94 /* Debug */,
				010DEFD41EB7AC2300B78F94 /* Release */,
			);
			defaultConfigurationIsVisible = 0;
			defaultConfigurationName = Release;
		};
/* End XCConfigurationList section */
	};
	rootObject = 010DEFB31EB7AC2300B78F94 /* Project object */;
}
